
Microsoft Visual Studio Solution File, Format Version 12.00
# Visual Studio Version 17
VisualStudioVersion = 17.14.37012.4 d17.14
MinimumVisualStudioVersion = 10.0.40219.1
Project("{FAE04EC0-301F-11D3-BF4B-00C04F79EFBC}") = "01. Sum Factorial Even Digits", "01. Sum Factorial Even Digits\01. Sum Factorial Even Digits.csproj", "{5A02F9F3-C69F-4D93-A536-1EF1396C66BE}"
EndProject
Project("{FAE04EC0-301F-11D3-BF4B-00C04F79EFBC}") = "02. Middle Elements", "02. Middle Elements\02. Middle Elements.csproj", "{34B4513D-AD57-4ACB-80DB-50D84D71D4B8}"
EndProject
Global
	GlobalSection(SolutionConfigurationPlatforms) = preSolution
		Debug|Any CPU = Debug|Any CPU
		Release|Any CPU = Release|Any CPU
	EndGlobalSection
	GlobalSection(ProjectConfigurationPlatforms) = postSolution
		{5A02F9F3-C69F-4D93-A536-1EF1396C66BE}.Debug|Any CPU.ActiveCfg = Debug|Any CPU
		{5A02F9F3-C69F-4D93-A536-1EF1396C66BE}.Debug|Any CPU.Build.0 = Debug|Any CPU
		{5A02F9F3-C69F-4D93-A536-1EF1396C66BE}.Release|Any CPU.ActiveCfg = Release|Any CPU
		{5A02F9F3-C69F-4D93-A536-1EF1396C66BE}.Release|Any CPU.Build.0 = Release|Any CPU
		{34B4513D-AD57-4ACB-80DB-50D84D71D4B8}.Debug|Any CPU.ActiveCfg = Debug|Any CPU
		{34B4513D-AD57-4ACB-80DB-50D84D71D4B8}.Debug|Any CPU.Build.0 = Debug|Any CPU
		{34B4513D-AD57-4ACB-80DB-50D84D71D4B8}.Release|Any CPU.ActiveCfg = Release|Any CPU
		{34B4513D-AD57-4ACB-80DB-50D84D71D4B8}.Release|Any CPU.Build.0 = Release|Any CPU
	EndGlobalSection
	GlobalSection(SolutionProperties) = preSolution
		HideSolutionNode = FALSE
	EndGlobalSection
	GlobalSection(ExtensibilityGlobals) = postSolution
		SolutionGuid = {D14BC9B1-0C4E-41E0-AA6F-7306A22524EE}
	EndGlobalSection
EndGlobal
