
Microsoft Visual Studio Solution File, Format Version 12.00
# Visual Studio Version 17
VisualStudioVersion = 17.14.36121.58 d17.14
MinimumVisualStudioVersion = 10.0.40219.1
Project("{FAE04EC0-301F-11D3-BF4B-00C04F79EFBC}") = "Constructor", "Constructor\Constructor.csproj", "{48428D55-D2D7-4E96-AFA4-3D33D34DFECE}"
EndProject
Global
	GlobalSection(SolutionConfigurationPlatforms) = preSolution
		Debug|Any CPU = Debug|Any CPU
		Release|Any CPU = Release|Any CPU
	EndGlobalSection
	GlobalSection(ProjectConfigurationPlatforms) = postSolution
		{48428D55-D2D7-4E96-AFA4-3D33D34DFECE}.Debug|Any CPU.ActiveCfg = Debug|Any CPU
		{48428D55-D2D7-4E96-AFA4-3D33D34DFECE}.Debug|Any CPU.Build.0 = Debug|Any CPU
		{48428D55-D2D7-4E96-AFA4-3D33D34DFECE}.Release|Any CPU.ActiveCfg = Release|Any CPU
		{48428D55-D2D7-4E96-AFA4-3D33D34DFECE}.Release|Any CPU.Build.0 = Release|Any CPU
	EndGlobalSection
	GlobalSection(SolutionProperties) = preSolution
		HideSolutionNode = FALSE
	EndGlobalSection
	GlobalSection(ExtensibilityGlobals) = postSolution
		SolutionGuid = {5F11AD81-A376-4968-A07A-7978DE1FE19F}
	EndGlobalSection
EndGlobal
