
Microsoft Visual Studio Solution File, Format Version 12.00
# Visual Studio Version 17
VisualStudioVersion = 17.14.36915.13 d17.14
MinimumVisualStudioVersion = 10.0.40219.1
Project("{FAE04EC0-301F-11D3-BF4B-00C04F79EFBC}") = "01. Train", "01. Train\01. Train.csproj", "{3AA4420D-FDD6-4774-8467-9AB4EDD2F453}"
EndProject
Project("{FAE04EC0-301F-11D3-BF4B-00C04F79EFBC}") = "02. House Party", "02. House Party\02. House Party.csproj", "{37D5C0EF-FAE0-4A50-8AFA-56E7CB5AB9BB}"
EndProject
Project("{FAE04EC0-301F-11D3-BF4B-00C04F79EFBC}") = "03. List Operations", "03. List Operations\03. List Operations.csproj", "{C0F05930-6324-4069-B975-CE9A791E5D48}"
EndProject
Project("{FAE04EC0-301F-11D3-BF4B-00C04F79EFBC}") = "04. List Manipulation Basics", "04. List Manipulation Basics\04. List Manipulation Basics.csproj", "{643C4E83-E504-48F1-9BBE-56278E02CABA}"
EndProject
Project("{FAE04EC0-301F-11D3-BF4B-00C04F79EFBC}") = "05. Bomb Numbers", "05. Bomb Numbers\05. Bomb Numbers.csproj", "{751E228D-6C34-4E96-8198-B019B71B50A7}"
EndProject
Global
	GlobalSection(SolutionConfigurationPlatforms) = preSolution
		Debug|Any CPU = Debug|Any CPU
		Release|Any CPU = Release|Any CPU
	EndGlobalSection
	GlobalSection(ProjectConfigurationPlatforms) = postSolution
		{3AA4420D-FDD6-4774-8467-9AB4EDD2F453}.Debug|Any CPU.ActiveCfg = Debug|Any CPU
		{3AA4420D-FDD6-4774-8467-9AB4EDD2F453}.Debug|Any CPU.Build.0 = Debug|Any CPU
		{3AA4420D-FDD6-4774-8467-9AB4EDD2F453}.Release|Any CPU.ActiveCfg = Release|Any CPU
		{3AA4420D-FDD6-4774-8467-9AB4EDD2F453}.Release|Any CPU.Build.0 = Release|Any CPU
		{37D5C0EF-FAE0-4A50-8AFA-56E7CB5AB9BB}.Debug|Any CPU.ActiveCfg = Debug|Any CPU
		{37D5C0EF-FAE0-4A50-8AFA-56E7CB5AB9BB}.Debug|Any CPU.Build.0 = Debug|Any CPU
		{37D5C0EF-FAE0-4A50-8AFA-56E7CB5AB9BB}.Release|Any CPU.ActiveCfg = Release|Any CPU
		{37D5C0EF-FAE0-4A50-8AFA-56E7CB5AB9BB}.Release|Any CPU.Build.0 = Release|Any CPU
		{C0F05930-6324-4069-B975-CE9A791E5D48}.Debug|Any CPU.ActiveCfg = Debug|Any CPU
		{C0F05930-6324-4069-B975-CE9A791E5D48}.Debug|Any CPU.Build.0 = Debug|Any CPU
		{C0F05930-6324-4069-B975-CE9A791E5D48}.Release|Any CPU.ActiveCfg = Release|Any CPU
		{C0F05930-6324-4069-B975-CE9A791E5D48}.Release|Any CPU.Build.0 = Release|Any CPU
		{643C4E83-E504-48F1-9BBE-56278E02CABA}.Debug|Any CPU.ActiveCfg = Debug|Any CPU
		{643C4E83-E504-48F1-9BBE-56278E02CABA}.Debug|Any CPU.Build.0 = Debug|Any CPU
		{643C4E83-E504-48F1-9BBE-56278E02CABA}.Release|Any CPU.ActiveCfg = Release|Any CPU
		{643C4E83-E504-48F1-9BBE-56278E02CABA}.Release|Any CPU.Build.0 = Release|Any CPU
		{751E228D-6C34-4E96-8198-B019B71B50A7}.Debug|Any CPU.ActiveCfg = Debug|Any CPU
		{751E228D-6C34-4E96-8198-B019B71B50A7}.Debug|Any CPU.Build.0 = Debug|Any CPU
		{751E228D-6C34-4E96-8198-B019B71B50A7}.Release|Any CPU.ActiveCfg = Release|Any CPU
		{751E228D-6C34-4E96-8198-B019B71B50A7}.Release|Any CPU.Build.0 = Release|Any CPU
	EndGlobalSection
	GlobalSection(SolutionProperties) = preSolution
		HideSolutionNode = FALSE
	EndGlobalSection
	GlobalSection(ExtensibilityGlobals) = postSolution
		SolutionGuid = {3CEC60B8-BDBA-4CB4-9C33-DE121C0AE134}
	EndGlobalSection
EndGlobal
