
Microsoft Visual Studio Solution File, Format Version 12.00
# Visual Studio Version 17
VisualStudioVersion = 17.14.36915.13 d17.14
MinimumVisualStudioVersion = 10.0.40219.1
Project("{FAE04EC0-301F-11D3-BF4B-00C04F79EFBC}") = "01. Change List", "01. Change List\01. Change List.csproj", "{5BCFEA48-79E4-4A61-9DB0-C2B0895C6390}"
EndProject
Project("{FAE04EC0-301F-11D3-BF4B-00C04F79EFBC}") = "02. List of Products", "02. List of Products\02. List of Products.csproj", "{F34C7773-934F-420D-853D-9DCAC9279F56}"
EndProject
Project("{FAE04EC0-301F-11D3-BF4B-00C04F79EFBC}") = "03. Remove Negatives and Reverse", "03. Remove Negatives and Reverse\03. Remove Negatives and Reverse.csproj", "{FE7BF3B4-A3F0-42D5-9D46-61C8BA0147E2}"
EndProject
Global
	GlobalSection(SolutionConfigurationPlatforms) = preSolution
		Debug|Any CPU = Debug|Any CPU
		Release|Any CPU = Release|Any CPU
	EndGlobalSection
	GlobalSection(ProjectConfigurationPlatforms) = postSolution
		{5BCFEA48-79E4-4A61-9DB0-C2B0895C6390}.Debug|Any CPU.ActiveCfg = Debug|Any CPU
		{5BCFEA48-79E4-4A61-9DB0-C2B0895C6390}.Debug|Any CPU.Build.0 = Debug|Any CPU
		{5BCFEA48-79E4-4A61-9DB0-C2B0895C6390}.Release|Any CPU.ActiveCfg = Release|Any CPU
		{5BCFEA48-79E4-4A61-9DB0-C2B0895C6390}.Release|Any CPU.Build.0 = Release|Any CPU
		{F34C7773-934F-420D-853D-9DCAC9279F56}.Debug|Any CPU.ActiveCfg = Debug|Any CPU
		{F34C7773-934F-420D-853D-9DCAC9279F56}.Debug|Any CPU.Build.0 = Debug|Any CPU
		{F34C7773-934F-420D-853D-9DCAC9279F56}.Release|Any CPU.ActiveCfg = Release|Any CPU
		{F34C7773-934F-420D-853D-9DCAC9279F56}.Release|Any CPU.Build.0 = Release|Any CPU
		{FE7BF3B4-A3F0-42D5-9D46-61C8BA0147E2}.Debug|Any CPU.ActiveCfg = Debug|Any CPU
		{FE7BF3B4-A3F0-42D5-9D46-61C8BA0147E2}.Debug|Any CPU.Build.0 = Debug|Any CPU
		{FE7BF3B4-A3F0-42D5-9D46-61C8BA0147E2}.Release|Any CPU.ActiveCfg = Release|Any CPU
		{FE7BF3B4-A3F0-42D5-9D46-61C8BA0147E2}.Release|Any CPU.Build.0 = Release|Any CPU
	EndGlobalSection
	GlobalSection(SolutionProperties) = preSolution
		HideSolutionNode = FALSE
	EndGlobalSection
	GlobalSection(ExtensibilityGlobals) = postSolution
		SolutionGuid = {C8E2C903-2912-426B-99D4-0921F1FD5808}
	EndGlobalSection
EndGlobal
