
Microsoft Visual Studio Solution File, Format Version 12.00
# Visual Studio Version 17
VisualStudioVersion = 17.14.36203.30 d17.14
MinimumVisualStudioVersion = 10.0.40219.1
Project("{FAE04EC0-301F-11D3-BF4B-00C04F79EFBC}") = "QuizGame", "QuizGame\QuizGame.csproj", "{A8B2C538-C509-425A-84B5-77628C72195E}"
EndProject
Global
	GlobalSection(SolutionConfigurationPlatforms) = preSolution
		Debug|Any CPU = Debug|Any CPU
		Release|Any CPU = Release|Any CPU
	EndGlobalSection
	GlobalSection(ProjectConfigurationPlatforms) = postSolution
		{A8B2C538-C509-425A-84B5-77628C72195E}.Debug|Any CPU.ActiveCfg = Debug|Any CPU
		{A8B2C538-C509-425A-84B5-77628C72195E}.Debug|Any CPU.Build.0 = Debug|Any CPU
		{A8B2C538-C509-425A-84B5-77628C72195E}.Release|Any CPU.ActiveCfg = Release|Any CPU
		{A8B2C538-C509-425A-84B5-77628C72195E}.Release|Any CPU.Build.0 = Release|Any CPU
	EndGlobalSection
	GlobalSection(SolutionProperties) = preSolution
		HideSolutionNode = FALSE
	EndGlobalSection
	GlobalSection(ExtensibilityGlobals) = postSolution
		SolutionGuid = {E0E7F6F9-E8C2-4A09-94ED-C4238D81E364}
	EndGlobalSection
EndGlobal
