
Microsoft Visual Studio Solution File, Format Version 12.00
# Visual Studio Version 17
VisualStudioVersion = 17.14.37012.4
MinimumVisualStudioVersion = 10.0.40219.1
Project("{FAE04EC0-301F-11D3-BF4B-00C04F79EFBC}") = "01. Magic Numbers", "01. Magic Numbers\01. Magic Numbers.csproj", "{2DA3F707-425F-4E64-9F22-7B4E3949B944}"
EndProject
Project("{FAE04EC0-301F-11D3-BF4B-00C04F79EFBC}") = "02. Min Max Values", "02. Min Max Values\02. Min Max Values.csproj", "{2EFB6935-C014-4013-95E5-5A70943B0AF9}"
EndProject
Global
	GlobalSection(SolutionConfigurationPlatforms) = preSolution
		Debug|Any CPU = Debug|Any CPU
		Release|Any CPU = Release|Any CPU
	EndGlobalSection
	GlobalSection(ProjectConfigurationPlatforms) = postSolution
		{2DA3F707-425F-4E64-9F22-7B4E3949B944}.Debug|Any CPU.ActiveCfg = Debug|Any CPU
		{2DA3F707-425F-4E64-9F22-7B4E3949B944}.Debug|Any CPU.Build.0 = Debug|Any CPU
		{2DA3F707-425F-4E64-9F22-7B4E3949B944}.Release|Any CPU.ActiveCfg = Release|Any CPU
		{2DA3F707-425F-4E64-9F22-7B4E3949B944}.Release|Any CPU.Build.0 = Release|Any CPU
		{2EFB6935-C014-4013-95E5-5A70943B0AF9}.Debug|Any CPU.ActiveCfg = Debug|Any CPU
		{2EFB6935-C014-4013-95E5-5A70943B0AF9}.Debug|Any CPU.Build.0 = Debug|Any CPU
		{2EFB6935-C014-4013-95E5-5A70943B0AF9}.Release|Any CPU.ActiveCfg = Release|Any CPU
		{2EFB6935-C014-4013-95E5-5A70943B0AF9}.Release|Any CPU.Build.0 = Release|Any CPU
	EndGlobalSection
	GlobalSection(SolutionProperties) = preSolution
		HideSolutionNode = FALSE
	EndGlobalSection
	GlobalSection(ExtensibilityGlobals) = postSolution
		SolutionGuid = {E2684077-A5BC-416C-97D6-2246C2D75977}
	EndGlobalSection
EndGlobal
