
Microsoft Visual Studio Solution File, Format Version 12.00
# Visual Studio Version 17
VisualStudioVersion = 17.14.37012.4 d17.14
MinimumVisualStudioVersion = 10.0.40219.1
Project("{FAE04EC0-301F-11D3-BF4B-00C04F79EFBC}") = "01. Nutrition and Caloric Intake Analysis", "01. Nutrition and Caloric Intake Analysis\01. Nutrition and Caloric Intake Analysis.csproj", "{22B11A8A-B09A-4BA1-AD27-63D9383F1A3A}"
EndProject
Project("{FAE04EC0-301F-11D3-BF4B-00C04F79EFBC}") = "02. Average Stock Price in Range", "02. Average Stock Price in Range\02. Average Stock Price in Range.csproj", "{99D46F70-1EC0-44AB-A449-76EBFEA8B459}"
EndProject
Global
	GlobalSection(SolutionConfigurationPlatforms) = preSolution
		Debug|Any CPU = Debug|Any CPU
		Release|Any CPU = Release|Any CPU
	EndGlobalSection
	GlobalSection(ProjectConfigurationPlatforms) = postSolution
		{22B11A8A-B09A-4BA1-AD27-63D9383F1A3A}.Debug|Any CPU.ActiveCfg = Debug|Any CPU
		{22B11A8A-B09A-4BA1-AD27-63D9383F1A3A}.Debug|Any CPU.Build.0 = Debug|Any CPU
		{22B11A8A-B09A-4BA1-AD27-63D9383F1A3A}.Release|Any CPU.ActiveCfg = Release|Any CPU
		{22B11A8A-B09A-4BA1-AD27-63D9383F1A3A}.Release|Any CPU.Build.0 = Release|Any CPU
		{99D46F70-1EC0-44AB-A449-76EBFEA8B459}.Debug|Any CPU.ActiveCfg = Debug|Any CPU
		{99D46F70-1EC0-44AB-A449-76EBFEA8B459}.Debug|Any CPU.Build.0 = Debug|Any CPU
		{99D46F70-1EC0-44AB-A449-76EBFEA8B459}.Release|Any CPU.ActiveCfg = Release|Any CPU
		{99D46F70-1EC0-44AB-A449-76EBFEA8B459}.Release|Any CPU.Build.0 = Release|Any CPU
	EndGlobalSection
	GlobalSection(SolutionProperties) = preSolution
		HideSolutionNode = FALSE
	EndGlobalSection
	GlobalSection(ExtensibilityGlobals) = postSolution
		SolutionGuid = {5152631A-8158-4EDF-8993-FA2612A74E27}
	EndGlobalSection
EndGlobal
